
Microsoft Visual Studio Solution File, Format Version 12.00
# Visual Studio Version 17
VisualStudioVersion = 17.14.36109.1
MinimumVisualStudioVersion = 10.0.40219.1
Project("{FAE04EC0-301F-11D3-BF4B-00C04F79EFBC}") = "WiseUpDude", "WiseUpDude\WiseUpDude.csproj", "{3DDB4E67-5007-4065-81FB-EC58ABBB9796}"
EndProject
Project("{FAE04EC0-301F-11D3-BF4B-00C04F79EFBC}") = "WiseUpDude.Client", "WiseUpDude.Client\WiseUpDude.Client.csproj", "{C394890B-6D5D-45F0-8250-5371D8C81DA5}"
EndProject
Project("{FAE04EC0-301F-11D3-BF4B-00C04F79EFBC}") = "WiseUpDude.Data", "WiseUpDude.Data\WiseUpDude.Data.csproj", "{1E5E7DE3-FF83-FA77-D7FD-3D4361B835CA}"
EndProject
Project("{FAE04EC0-301F-11D3-BF4B-00C04F79EFBC}") = "ResourceCreatorFunction", "WiseUpDude.Functions\ResourceCreatorFunction\ResourceCreatorFunction.csproj", "{CC52CE48-0A07-D6A0-76B1-1CB7F86267A0}"
EndProject
Project("{FAE04EC0-301F-11D3-BF4B-00C04F79EFBC}") = "WiseUpDude.Model", "WiseUpDude.Model\WiseUpDude.Model.csproj", "{DBECAEEB-ACD7-BFD6-21BD-DFAF9C6172DC}"
EndProject
Project("{2150E333-8FDC-42A3-9474-1A3956D46DE8}") = "Solution Items", "Solution Items", "{8EC462FD-D22E-90A8-E5CE-7E832BA40C5D}"
	ProjectSection(SolutionItems) = preProject
		WiseUpDude.Services\WiseUpDude.Services.csproj = WiseUpDude.Services\WiseUpDude.Services.csproj
	EndProjectSection
EndProject
Project("{FAE04EC0-301F-11D3-BF4B-00C04F79EFBC}") = "WiseUpDude.Services", "WiseUpDude.Services\WiseUpDude.Services.csproj", "{47530780-E810-8A85-B0A8-C598C20B21F8}"
EndProject
Project("{FAE04EC0-301F-11D3-BF4B-00C04F79EFBC}") = "WiseUpDude.Shared", "WiseUpDude.Shared\WiseUpDude.Shared.csproj", "{9ADDA574-D088-45DE-8B1D-3604A7369107}"
EndProject
Project("{FAE04EC0-301F-11D3-BF4B-00C04F79EFBC}") = "WiseUpDude.Test.Repositories", "WiseUpDude.Test.Repositories\WiseUpDude.Test.Repositories.csproj", "{025BCEEC-85CB-47D9-9F39-6AFB54C1D68E}"
EndProject
Project("{FAE04EC0-301F-11D3-BF4B-00C04F79EFBC}") = "WiseUpDude.Tests.Controllers", "WiseUpDude.Tests.Controllers\WiseUpDude.Tests.Controllers.csproj", "{FAC2AE6B-5DAB-4517-BA70-2D83F423448E}"
EndProject
Project("{FAE04EC0-301F-11D3-BF4B-00C04F79EFBC}") = "WiseUpDude.Test.Shared", "WiseUpDude.Test.Shared\WiseUpDude.Test.Shared.csproj", "{1F6F7FBE-30D6-40E6-9DC9-ACA96F9DED2B}"
EndProject
Global
	GlobalSection(SolutionConfigurationPlatforms) = preSolution
		Debug|Any CPU = Debug|Any CPU
		Debug|x64 = Debug|x64
		Debug|x86 = Debug|x86
		Release|Any CPU = Release|Any CPU
		Release|x64 = Release|x64
		Release|x86 = Release|x86
	EndGlobalSection
	GlobalSection(ProjectConfigurationPlatforms) = postSolution
		{3DDB4E67-5007-4065-81FB-EC58ABBB9796}.Debug|Any CPU.ActiveCfg = Debug|Any CPU
		{3DDB4E67-5007-4065-81FB-EC58ABBB9796}.Debug|Any CPU.Build.0 = Debug|Any CPU
		{3DDB4E67-5007-4065-81FB-EC58ABBB9796}.Debug|x64.ActiveCfg = Debug|Any CPU
		{3DDB4E67-5007-4065-81FB-EC58ABBB9796}.Debug|x64.Build.0 = Debug|Any CPU
		{3DDB4E67-5007-4065-81FB-EC58ABBB9796}.Debug|x86.ActiveCfg = Debug|Any CPU
		{3DDB4E67-5007-4065-81FB-EC58ABBB9796}.Debug|x86.Build.0 = Debug|Any CPU
		{3DDB4E67-5007-4065-81FB-EC58ABBB9796}.Release|Any CPU.ActiveCfg = Release|Any CPU
		{3DDB4E67-5007-4065-81FB-EC58ABBB9796}.Release|Any CPU.Build.0 = Release|Any CPU
		{3DDB4E67-5007-4065-81FB-EC58ABBB9796}.Release|x64.ActiveCfg = Release|Any CPU
		{3DDB4E67-5007-4065-81FB-EC58ABBB9796}.Release|x64.Build.0 = Release|Any CPU
		{3DDB4E67-5007-4065-81FB-EC58ABBB9796}.Release|x86.ActiveCfg = Release|Any CPU
		{3DDB4E67-5007-4065-81FB-EC58ABBB9796}.Release|x86.Build.0 = Release|Any CPU
		{C394890B-6D5D-45F0-8250-5371D8C81DA5}.Debug|Any CPU.ActiveCfg = Debug|Any CPU
		{C394890B-6D5D-45F0-8250-5371D8C81DA5}.Debug|Any CPU.Build.0 = Debug|Any CPU
		{C394890B-6D5D-45F0-8250-5371D8C81DA5}.Debug|x64.ActiveCfg = Debug|Any CPU
		{C394890B-6D5D-45F0-8250-5371D8C81DA5}.Debug|x64.Build.0 = Debug|Any CPU
		{C394890B-6D5D-45F0-8250-5371D8C81DA5}.Debug|x86.ActiveCfg = Debug|Any CPU
		{C394890B-6D5D-45F0-8250-5371D8C81DA5}.Debug|x86.Build.0 = Debug|Any CPU
		{C394890B-6D5D-45F0-8250-5371D8C81DA5}.Release|Any CPU.ActiveCfg = Release|Any CPU
		{C394890B-6D5D-45F0-8250-5371D8C81DA5}.Release|Any CPU.Build.0 = Release|Any CPU
		{C394890B-6D5D-45F0-8250-5371D8C81DA5}.Release|x64.ActiveCfg = Release|Any CPU
		{C394890B-6D5D-45F0-8250-5371D8C81DA5}.Release|x64.Build.0 = Release|Any CPU
		{C394890B-6D5D-45F0-8250-5371D8C81DA5}.Release|x86.ActiveCfg = Release|Any CPU
		{C394890B-6D5D-45F0-8250-5371D8C81DA5}.Release|x86.Build.0 = Release|Any CPU
		{1E5E7DE3-FF83-FA77-D7FD-3D4361B835CA}.Debug|Any CPU.ActiveCfg = Debug|Any CPU
		{1E5E7DE3-FF83-FA77-D7FD-3D4361B835CA}.Debug|Any CPU.Build.0 = Debug|Any CPU
		{1E5E7DE3-FF83-FA77-D7FD-3D4361B835CA}.Debug|x64.ActiveCfg = Debug|Any CPU
		{1E5E7DE3-FF83-FA77-D7FD-3D4361B835CA}.Debug|x64.Build.0 = Debug|Any CPU
		{1E5E7DE3-FF83-FA77-D7FD-3D4361B835CA}.Debug|x86.ActiveCfg = Debug|Any CPU
		{1E5E7DE3-FF83-FA77-D7FD-3D4361B835CA}.Debug|x86.Build.0 = Debug|Any CPU
		{1E5E7DE3-FF83-FA77-D7FD-3D4361B835CA}.Release|Any CPU.ActiveCfg = Release|Any CPU
		{1E5E7DE3-FF83-FA77-D7FD-3D4361B835CA}.Release|Any CPU.Build.0 = Release|Any CPU
		{1E5E7DE3-FF83-FA77-D7FD-3D4361B835CA}.Release|x64.ActiveCfg = Release|Any CPU
		{1E5E7DE3-FF83-FA77-D7FD-3D4361B835CA}.Release|x64.Build.0 = Release|Any CPU
		{1E5E7DE3-FF83-FA77-D7FD-3D4361B835CA}.Release|x86.ActiveCfg = Release|Any CPU
		{1E5E7DE3-FF83-FA77-D7FD-3D4361B835CA}.Release|x86.Build.0 = Release|Any CPU
		{CC52CE48-0A07-D6A0-76B1-1CB7F86267A0}.Debug|Any CPU.ActiveCfg = Debug|Any CPU
		{CC52CE48-0A07-D6A0-76B1-1CB7F86267A0}.Debug|Any CPU.Build.0 = Debug|Any CPU
		{CC52CE48-0A07-D6A0-76B1-1CB7F86267A0}.Debug|x64.ActiveCfg = Debug|Any CPU
		{CC52CE48-0A07-D6A0-76B1-1CB7F86267A0}.Debug|x64.Build.0 = Debug|Any CPU
		{CC52CE48-0A07-D6A0-76B1-1CB7F86267A0}.Debug|x86.ActiveCfg = Debug|Any CPU
		{CC52CE48-0A07-D6A0-76B1-1CB7F86267A0}.Debug|x86.Build.0 = Debug|Any CPU
		{CC52CE48-0A07-D6A0-76B1-1CB7F86267A0}.Release|Any CPU.ActiveCfg = Release|Any CPU
		{CC52CE48-0A07-D6A0-76B1-1CB7F86267A0}.Release|Any CPU.Build.0 = Release|Any CPU
		{CC52CE48-0A07-D6A0-76B1-1CB7F86267A0}.Release|x64.ActiveCfg = Release|Any CPU
		{CC52CE48-0A07-D6A0-76B1-1CB7F86267A0}.Release|x64.Build.0 = Release|Any CPU
		{CC52CE48-0A07-D6A0-76B1-1CB7F86267A0}.Release|x86.ActiveCfg = Release|Any CPU
		{CC52CE48-0A07-D6A0-76B1-1CB7F86267A0}.Release|x86.Build.0 = Release|Any CPU
		{DBECAEEB-ACD7-BFD6-21BD-DFAF9C6172DC}.Debug|Any CPU.ActiveCfg = Debug|Any CPU
		{DBECAEEB-ACD7-BFD6-21BD-DFAF9C6172DC}.Debug|Any CPU.Build.0 = Debug|Any CPU
		{DBECAEEB-ACD7-BFD6-21BD-DFAF9C6172DC}.Debug|x64.ActiveCfg = Debug|Any CPU
		{DBECAEEB-ACD7-BFD6-21BD-DFAF9C6172DC}.Debug|x64.Build.0 = Debug|Any CPU
		{DBECAEEB-ACD7-BFD6-21BD-DFAF9C6172DC}.Debug|x86.ActiveCfg = Debug|Any CPU
		{DBECAEEB-ACD7-BFD6-21BD-DFAF9C6172DC}.Debug|x86.Build.0 = Debug|Any CPU
		{DBECAEEB-ACD7-BFD6-21BD-DFAF9C6172DC}.Release|Any CPU.ActiveCfg = Release|Any CPU
		{DBECAEEB-ACD7-BFD6-21BD-DFAF9C6172DC}.Release|Any CPU.Build.0 = Release|Any CPU
		{DBECAEEB-ACD7-BFD6-21BD-DFAF9C6172DC}.Release|x64.ActiveCfg = Release|Any CPU
		{DBECAEEB-ACD7-BFD6-21BD-DFAF9C6172DC}.Release|x64.Build.0 = Release|Any CPU
		{DBECAEEB-ACD7-BFD6-21BD-DFAF9C6172DC}.Release|x86.ActiveCfg = Release|Any CPU
		{DBECAEEB-ACD7-BFD6-21BD-DFAF9C6172DC}.Release|x86.Build.0 = Release|Any CPU
		{47530780-E810-8A85-B0A8-C598C20B21F8}.Debug|Any CPU.ActiveCfg = Debug|Any CPU
		{47530780-E810-8A85-B0A8-C598C20B21F8}.Debug|Any CPU.Build.0 = Debug|Any CPU
		{47530780-E810-8A85-B0A8-C598C20B21F8}.Debug|x64.ActiveCfg = Debug|Any CPU
		{47530780-E810-8A85-B0A8-C598C20B21F8}.Debug|x64.Build.0 = Debug|Any CPU
		{47530780-E810-8A85-B0A8-C598C20B21F8}.Debug|x86.ActiveCfg = Debug|Any CPU
		{47530780-E810-8A85-B0A8-C598C20B21F8}.Debug|x86.Build.0 = Debug|Any CPU
		{47530780-E810-8A85-B0A8-C598C20B21F8}.Release|Any CPU.ActiveCfg = Release|Any CPU
		{47530780-E810-8A85-B0A8-C598C20B21F8}.Release|Any CPU.Build.0 = Release|Any CPU
		{47530780-E810-8A85-B0A8-C598C20B21F8}.Release|x64.ActiveCfg = Release|Any CPU
		{47530780-E810-8A85-B0A8-C598C20B21F8}.Release|x64.Build.0 = Release|Any CPU
		{47530780-E810-8A85-B0A8-C598C20B21F8}.Release|x86.ActiveCfg = Release|Any CPU
		{47530780-E810-8A85-B0A8-C598C20B21F8}.Release|x86.Build.0 = Release|Any CPU
		{9ADDA574-D088-45DE-8B1D-3604A7369107}.Debug|Any CPU.ActiveCfg = Debug|Any CPU
		{9ADDA574-D088-45DE-8B1D-3604A7369107}.Debug|Any CPU.Build.0 = Debug|Any CPU
		{9ADDA574-D088-45DE-8B1D-3604A7369107}.Debug|x64.ActiveCfg = Debug|Any CPU
		{9ADDA574-D088-45DE-8B1D-3604A7369107}.Debug|x64.Build.0 = Debug|Any CPU
		{9ADDA574-D088-45DE-8B1D-3604A7369107}.Debug|x86.ActiveCfg = Debug|Any CPU
		{9ADDA574-D088-45DE-8B1D-3604A7369107}.Debug|x86.Build.0 = Debug|Any CPU
		{9ADDA574-D088-45DE-8B1D-3604A7369107}.Release|Any CPU.ActiveCfg = Release|Any CPU
		{9ADDA574-D088-45DE-8B1D-3604A7369107}.Release|Any CPU.Build.0 = Release|Any CPU
		{9ADDA574-D088-45DE-8B1D-3604A7369107}.Release|x64.ActiveCfg = Release|Any CPU
		{9ADDA574-D088-45DE-8B1D-3604A7369107}.Release|x64.Build.0 = Release|Any CPU
		{9ADDA574-D088-45DE-8B1D-3604A7369107}.Release|x86.ActiveCfg = Release|Any CPU
		{9ADDA574-D088-45DE-8B1D-3604A7369107}.Release|x86.Build.0 = Release|Any CPU
		{025BCEEC-85CB-47D9-9F39-6AFB54C1D68E}.Debug|Any CPU.ActiveCfg = Debug|Any CPU
		{025BCEEC-85CB-47D9-9F39-6AFB54C1D68E}.Debug|Any CPU.Build.0 = Debug|Any CPU
		{025BCEEC-85CB-47D9-9F39-6AFB54C1D68E}.Debug|x64.ActiveCfg = Debug|Any CPU
		{025BCEEC-85CB-47D9-9F39-6AFB54C1D68E}.Debug|x64.Build.0 = Debug|Any CPU
		{025BCEEC-85CB-47D9-9F39-6AFB54C1D68E}.Debug|x86.ActiveCfg = Debug|Any CPU
		{025BCEEC-85CB-47D9-9F39-6AFB54C1D68E}.Debug|x86.Build.0 = Debug|Any CPU
		{025BCEEC-85CB-47D9-9F39-6AFB54C1D68E}.Release|Any CPU.ActiveCfg = Release|Any CPU
		{025BCEEC-85CB-47D9-9F39-6AFB54C1D68E}.Release|Any CPU.Build.0 = Release|Any CPU
		{025BCEEC-85CB-47D9-9F39-6AFB54C1D68E}.Release|x64.ActiveCfg = Release|Any CPU
		{025BCEEC-85CB-47D9-9F39-6AFB54C1D68E}.Release|x64.Build.0 = Release|Any CPU
		{025BCEEC-85CB-47D9-9F39-6AFB54C1D68E}.Release|x86.ActiveCfg = Release|Any CPU
		{025BCEEC-85CB-47D9-9F39-6AFB54C1D68E}.Release|x86.Build.0 = Release|Any CPU
		{FAC2AE6B-5DAB-4517-BA70-2D83F423448E}.Debug|Any CPU.ActiveCfg = Debug|Any CPU
		{FAC2AE6B-5DAB-4517-BA70-2D83F423448E}.Debug|Any CPU.Build.0 = Debug|Any CPU
		{FAC2AE6B-5DAB-4517-BA70-2D83F423448E}.Debug|x64.ActiveCfg = Debug|Any CPU
		{FAC2AE6B-5DAB-4517-BA70-2D83F423448E}.Debug|x64.Build.0 = Debug|Any CPU
		{FAC2AE6B-5DAB-4517-BA70-2D83F423448E}.Debug|x86.ActiveCfg = Debug|Any CPU
		{FAC2AE6B-5DAB-4517-BA70-2D83F423448E}.Debug|x86.Build.0 = Debug|Any CPU
		{FAC2AE6B-5DAB-4517-BA70-2D83F423448E}.Release|Any CPU.ActiveCfg = Release|Any CPU
		{FAC2AE6B-5DAB-4517-BA70-2D83F423448E}.Release|Any CPU.Build.0 = Release|Any CPU
		{FAC2AE6B-5DAB-4517-BA70-2D83F423448E}.Release|x64.ActiveCfg = Release|Any CPU
		{FAC2AE6B-5DAB-4517-BA70-2D83F423448E}.Release|x64.Build.0 = Release|Any CPU
		{FAC2AE6B-5DAB-4517-BA70-2D83F423448E}.Release|x86.ActiveCfg = Release|Any CPU
		{FAC2AE6B-5DAB-4517-BA70-2D83F423448E}.Release|x86.Build.0 = Release|Any CPU
		{1F6F7FBE-30D6-40E6-9DC9-ACA96F9DED2B}.Debug|Any CPU.ActiveCfg = Debug|Any CPU
		{1F6F7FBE-30D6-40E6-9DC9-ACA96F9DED2B}.Debug|Any CPU.Build.0 = Debug|Any CPU
		{1F6F7FBE-30D6-40E6-9DC9-ACA96F9DED2B}.Debug|x64.ActiveCfg = Debug|Any CPU
		{1F6F7FBE-30D6-40E6-9DC9-ACA96F9DED2B}.Debug|x64.Build.0 = Debug|Any CPU
		{1F6F7FBE-30D6-40E6-9DC9-ACA96F9DED2B}.Debug|x86.ActiveCfg = Debug|Any CPU
		{1F6F7FBE-30D6-40E6-9DC9-ACA96F9DED2B}.Debug|x86.Build.0 = Debug|Any CPU
		{1F6F7FBE-30D6-40E6-9DC9-ACA96F9DED2B}.Release|Any CPU.ActiveCfg = Release|Any CPU
		{1F6F7FBE-30D6-40E6-9DC9-ACA96F9DED2B}.Release|Any CPU.Build.0 = Release|Any CPU
		{1F6F7FBE-30D6-40E6-9DC9-ACA96F9DED2B}.Release|x64.ActiveCfg = Release|Any CPU
		{1F6F7FBE-30D6-40E6-9DC9-ACA96F9DED2B}.Release|x64.Build.0 = Release|Any CPU
		{1F6F7FBE-30D6-40E6-9DC9-ACA96F9DED2B}.Release|x86.ActiveCfg = Release|Any CPU
		{1F6F7FBE-30D6-40E6-9DC9-ACA96F9DED2B}.Release|x86.Build.0 = Release|Any CPU
	EndGlobalSection
	GlobalSection(SolutionProperties) = preSolution
		HideSolutionNode = FALSE
	EndGlobalSection
	GlobalSection(ExtensibilityGlobals) = postSolution
		SolutionGuid = {F65E9391-0A1D-4449-B17B-6EACFD9F350B}
	EndGlobalSection
EndGlobal
