
Microsoft Visual Studio Solution File, Format Version 12.00
# Visual Studio Version 17
VisualStudioVersion = 17.13.35828.75
MinimumVisualStudioVersion = 10.0.40219.1
Project("{FAE04EC0-301F-11D3-BF4B-00C04F79EFBC}") = "WiseUpDude", "WiseUpDude.csproj", "{4FBA0092-7E29-462C-8AC4-B7E57A3DB9BF}"
EndProject
Global
	GlobalSection(SolutionConfigurationPlatforms) = preSolution
		Debug|Any CPU = Debug|Any CPU
		Release|Any CPU = Release|Any CPU
	EndGlobalSection
	GlobalSection(ProjectConfigurationPlatforms) = postSolution
		{4FBA0092-7E29-462C-8AC4-B7E57A3DB9BF}.Debug|Any CPU.ActiveCfg = Debug|Any CPU
		{4FBA0092-7E29-462C-8AC4-B7E57A3DB9BF}.Debug|Any CPU.Build.0 = Debug|Any CPU
		{4FBA0092-7E29-462C-8AC4-B7E57A3DB9BF}.Release|Any CPU.ActiveCfg = Release|Any CPU
		{4FBA0092-7E29-462C-8AC4-B7E57A3DB9BF}.Release|Any CPU.Build.0 = Release|Any CPU
	EndGlobalSection
	GlobalSection(SolutionProperties) = preSolution
		HideSolutionNode = FALSE
	EndGlobalSection
	GlobalSection(ExtensibilityGlobals) = postSolution
		SolutionGuid = {AA32EBC8-E42A-4638-A683-3350158F00E1}
	EndGlobalSection
EndGlobal
